
Microsoft Visual Studio Solution File, Format Version 12.00
# Visual Studio 15
VisualStudioVersion = 15.0.28307.902
MinimumVisualStudioVersion = 10.0.40219.1
Project("{FAE04EC0-301F-11D3-BF4B-00C04F79EFBC}") = "FindDupFile", "FindDupFile\FindDupFile.csproj", "{3FB47CC6-AC2F-4A41-A070-A73B3088603B}"
EndProject
Global
	GlobalSection(SolutionConfigurationPlatforms) = preSolution
		Debug|Any CPU = Debug|Any CPU
		Release|Any CPU = Release|Any CPU
	EndGlobalSection
	GlobalSection(ProjectConfigurationPlatforms) = postSolution
		{3FB47CC6-AC2F-4A41-A070-A73B3088603B}.Debug|Any CPU.ActiveCfg = Debug|Any CPU
		{3FB47CC6-AC2F-4A41-A070-A73B3088603B}.Debug|Any CPU.Build.0 = Debug|Any CPU
		{3FB47CC6-AC2F-4A41-A070-A73B3088603B}.Release|Any CPU.ActiveCfg = Release|Any CPU
		{3FB47CC6-AC2F-4A41-A070-A73B3088603B}.Release|Any CPU.Build.0 = Release|Any CPU
	EndGlobalSection
	GlobalSection(SolutionProperties) = preSolution
		HideSolutionNode = FALSE
	EndGlobalSection
	GlobalSection(ExtensibilityGlobals) = postSolution
		SolutionGuid = {7270509C-2142-4193-BD7C-673F9524B85C}
	EndGlobalSection
EndGlobal
